# This is a Gradle generated file for dependency locking.
# Manual edits can break the build and are not advised.
# This file is expected to be part of source control.
com.fasterxml.jackson.core:jackson-annotations:2.13.0=testCompileClasspath,testRuntimeClasspath
com.fasterxml.jackson.core:jackson-core:2.13.0=testCompileClasspath,testRuntimeClasspath
com.fasterxml.jackson.core:jackson-databind:2.13.0=testCompileClasspath,testRuntimeClasspath
com.fasterxml.jackson:jackson-bom:2.13.0=testCompileClasspath,testRuntimeClasspath
com.github.jknack:handlebars-helpers:4.3.0=testCompileClasspath,testRuntimeClasspath
com.github.jknack:handlebars:4.3.0=testCompileClasspath,testRuntimeClasspath
com.github.tomakehurst:wiremock-jre8:2.32.0=testCompileClasspath,testRuntimeClasspath
com.google.code.findbugs:jsr305:3.0.2=compileClasspath,runtimeClasspath,testCompileClasspath,testRuntimeClasspath
com.google.code.gson:gson:2.8.9=compileClasspath,runtimeClasspath,testCompileClasspath,testRuntimeClasspath
com.google.errorprone:error_prone_annotations:2.47.0=compileClasspath,runtimeClasspath,testCompileClasspath,testRuntimeClasspath
com.google.guava:failureaccess:1.0.3=compileClasspath,runtimeClasspath,testCompileClasspath,testRuntimeClasspath
com.google.guava:guava:33.6.0-android=compileClasspath,runtimeClasspath,testCompileClasspath,testRuntimeClasspath
com.google.guava:listenablefuture:9999.0-empty-to-avoid-conflict-with-guava=compileClasspath,runtimeClasspath,testCompileClasspath,testRuntimeClasspath
com.google.j2objc:j2objc-annotations:3.1=compileClasspath,runtimeClasspath,testCompileClasspath,testRuntimeClasspath
com.jayway.jsonpath:json-path:2.6.0=testCompileClasspath,testRuntimeClasspath
commons-codec:commons-codec:1.11=compileClasspath,runtimeClasspath
commons-codec:commons-codec:1.15=testCompileClasspath,testRuntimeClasspath
commons-fileupload:commons-fileupload:1.4=testCompileClasspath,testRuntimeClasspath
commons-io:commons-io:2.11.0=testCompileClasspath,testRuntimeClasspath
commons-logging:commons-logging:1.2=compileClasspath,runtimeClasspath,testCompileClasspath,testRuntimeClasspath
javax.servlet:javax.servlet-api:3.1.0=testCompileClasspath,testRuntimeClasspath
net.bytebuddy:byte-buddy-agent:1.11.13=testCompileClasspath,testRuntimeClasspath
net.bytebuddy:byte-buddy:1.11.13=testCompileClasspath,testRuntimeClasspath
net.javacrumbs.json-unit:json-unit-core:2.28.0=testCompileClasspath,testRuntimeClasspath
net.minidev:accessors-smart:2.4.7=testCompileClasspath,testRuntimeClasspath
net.minidev:json-smart:2.4.7=testCompileClasspath,testRuntimeClasspath
net.sf.jopt-simple:jopt-simple:5.0.4=testCompileClasspath,testRuntimeClasspath
org.apache.commons:commons-lang3:3.12.0=testCompileClasspath,testRuntimeClasspath
org.apache.httpcomponents.client5:httpclient5:5.1=testCompileClasspath,testRuntimeClasspath
org.apache.httpcomponents.core5:httpcore5-h2:5.1.1=testCompileClasspath,testRuntimeClasspath
org.apache.httpcomponents.core5:httpcore5:5.1.1=testCompileClasspath,testRuntimeClasspath
org.apache.httpcomponents:httpclient:4.5.14=compileClasspath,runtimeClasspath,testCompileClasspath,testRuntimeClasspath
org.apache.httpcomponents:httpcore:4.4.16=compileClasspath,runtimeClasspath,testCompileClasspath,testRuntimeClasspath
org.apiguardian:apiguardian-api:1.1.0=testCompileClasspath,testRuntimeClasspath
org.bouncycastle:bcprov-jdk15on:1.70=compileClasspath,runtimeClasspath,testCompileClasspath,testRuntimeClasspath
org.eclipse.jetty.http2:http2-common:9.4.44.v20210927=testCompileClasspath,testRuntimeClasspath
org.eclipse.jetty.http2:http2-hpack:9.4.44.v20210927=testCompileClasspath,testRuntimeClasspath
org.eclipse.jetty.http2:http2-server:9.4.44.v20210927=testCompileClasspath,testRuntimeClasspath
org.eclipse.jetty:jetty-alpn-client:9.4.44.v20210927=testCompileClasspath,testRuntimeClasspath
org.eclipse.jetty:jetty-alpn-java-client:9.4.44.v20210927=testCompileClasspath,testRuntimeClasspath
org.eclipse.jetty:jetty-alpn-java-server:9.4.44.v20210927=testCompileClasspath,testRuntimeClasspath
org.eclipse.jetty:jetty-alpn-openjdk8-client:9.4.44.v20210927=testCompileClasspath,testRuntimeClasspath
org.eclipse.jetty:jetty-alpn-openjdk8-server:9.4.44.v20210927=testCompileClasspath,testRuntimeClasspath
org.eclipse.jetty:jetty-alpn-server:9.4.44.v20210927=testCompileClasspath,testRuntimeClasspath
org.eclipse.jetty:jetty-bom:9.4.44.v20210927=testCompileClasspath,testRuntimeClasspath
org.eclipse.jetty:jetty-client:9.4.44.v20210927=testCompileClasspath,testRuntimeClasspath
org.eclipse.jetty:jetty-continuation:9.4.44.v20210927=testCompileClasspath,testRuntimeClasspath
org.eclipse.jetty:jetty-http:9.4.44.v20210927=testCompileClasspath,testRuntimeClasspath
org.eclipse.jetty:jetty-io:9.4.44.v20210927=testCompileClasspath,testRuntimeClasspath
org.eclipse.jetty:jetty-proxy:9.4.44.v20210927=testCompileClasspath,testRuntimeClasspath
org.eclipse.jetty:jetty-security:9.4.44.v20210927=testCompileClasspath,testRuntimeClasspath
org.eclipse.jetty:jetty-server:9.4.44.v20210927=testCompileClasspath,testRuntimeClasspath
org.eclipse.jetty:jetty-servlet:9.4.44.v20210927=testCompileClasspath,testRuntimeClasspath
org.eclipse.jetty:jetty-servlets:9.4.44.v20210927=testCompileClasspath,testRuntimeClasspath
org.eclipse.jetty:jetty-util-ajax:9.4.44.v20210927=testCompileClasspath,testRuntimeClasspath
org.eclipse.jetty:jetty-util:9.4.44.v20210927=testCompileClasspath,testRuntimeClasspath
org.eclipse.jetty:jetty-webapp:9.4.44.v20210927=testCompileClasspath,testRuntimeClasspath
org.eclipse.jetty:jetty-xml:9.4.44.v20210927=testCompileClasspath,testRuntimeClasspath
org.hamcrest:hamcrest-core:2.2=testCompileClasspath,testRuntimeClasspath
org.hamcrest:hamcrest:2.2=testCompileClasspath,testRuntimeClasspath
org.jspecify:jspecify:1.0.0=compileClasspath,runtimeClasspath,testCompileClasspath,testRuntimeClasspath
org.junit.jupiter:junit-jupiter-api:5.7.2=testCompileClasspath,testRuntimeClasspath
org.junit.jupiter:junit-jupiter-engine:5.7.2=testRuntimeClasspath
org.junit.jupiter:junit-jupiter-params:5.7.2=testCompileClasspath,testRuntimeClasspath
org.junit.jupiter:junit-jupiter:5.7.2=testCompileClasspath,testRuntimeClasspath
org.junit.platform:junit-platform-commons:1.7.2=testCompileClasspath,testRuntimeClasspath
org.junit.platform:junit-platform-engine:1.7.2=testRuntimeClasspath
org.junit:junit-bom:5.7.2=testCompileClasspath,testRuntimeClasspath
org.mockito:mockito-core:3.12.4=testCompileClasspath,testRuntimeClasspath
org.objenesis:objenesis:3.2=testCompileClasspath,testRuntimeClasspath
org.opentest4j:opentest4j:1.2.0=testCompileClasspath,testRuntimeClasspath
org.ow2.asm:asm:9.2=testCompileClasspath,testRuntimeClasspath
org.slf4j:slf4j-api:1.7.32=testCompileClasspath,testRuntimeClasspath
org.xmlunit:xmlunit-core:2.8.3=testCompileClasspath,testRuntimeClasspath
org.xmlunit:xmlunit-legacy:2.8.3=testCompileClasspath,testRuntimeClasspath
org.xmlunit:xmlunit-placeholders:2.8.3=testCompileClasspath,testRuntimeClasspath
empty=annotationProcessor,testAnnotationProcessor
